// !$*UTF8*$!
{
	archiveVersion = 1;
	classes = {
	};
	objectVersion = 50;
	objects = {

/* Begin PBXBuildFile section */
		486554A425A4F25A00FE69E2 /* UITestApp.swift in Sources */ = {isa = PBXBuildFile; fileRef = 486554A325A4F25A00FE69E2 /* UITestApp.swift */; };
		486554A625A4F25A00FE69E2 /* ContentView.swift in Sources */ = {isa = PBXBuildFile; fileRef = 486554A525A4F25A00FE69E2 /* ContentView.swift */; };
		486554A825A4F25F00FE69E2 /* Assets.xcassets in Resources */ = {isa = PBXBuildFile; fileRef = 486554A725A4F25F00FE69E2 /* Assets.xcassets */; };
		486554AB25A4F25F00FE69E2 /* Preview Assets.xcassets in Resources */ = {isa = PBXBuildFile; fileRef = 486554AA25A4F25F00FE69E2 /* Preview Assets.xcassets */; };
		486554B625A4F26000FE69E2 /* UITestTests.swift in Sources */ = {isa = PBXBuildFile; fileRef = 486554B525A4F26000FE69E2 /* UITestTests.swift */; };
		486554C125A4F26000FE69E2 /* UITestUITests.swift in Sources */ = {isa = PBXBuildFile; fileRef = 486554C025A4F26000FE69E2 /* UITestUITests.swift */; };
/* End PBXBuildFile section */

/* Begin PBXContainerItemProxy section */
		486554B225A4F26000FE69E2 /* PBXContainerItemProxy */ = {
			isa = PBXContainerItemProxy;
			containerPortal = 4865549825A4F25A00FE69E2 /* Project object */;
			proxyType = 1;
			remoteGlobalIDString = 4865549F25A4F25A00FE69E2;
			remoteInfo = UITest;
		};
		486554BD25A4F26000FE69E2 /* PBXContainerItemProxy */ = {
			isa = PBXContainerItemProxy;
			containerPortal = 4865549825A4F25A00FE69E2 /* Project object */;
			proxyType = 1;
			remoteGlobalIDString = 4865549F25A4F25A00FE69E2;
			remoteInfo = UITest;
		};
/* End PBXContainerItemProxy section */

/* Begin PBXFileReference section */
		486554A025A4F25A00FE69E2 /* UITest.app */ = {isa = PBXFileReference; explicitFileType = wrapper.application; includeInIndex = 0; path = UITest.app; sourceTree = BUILT_PRODUCTS_DIR; };
		486554A325A4F25A00FE69E2 /* UITestApp.swift */ = {isa = PBXFileReference; lastKnownFileType = sourcecode.swift; path = UITestApp.swift; sourceTree = "<group>"; };
		486554A525A4F25A00FE69E2 /* ContentView.swift */ = {isa = PBXFileReference; lastKnownFileType = sourcecode.swift; path = ContentView.swift; sourceTree = "<group>"; };
		486554A725A4F25F00FE69E2 /* Assets.xcassets */ = {isa = PBXFileReference; lastKnownFileType = folder.assetcatalog; path = Assets.xcassets; sourceTree = "<group>"; };
		486554AA25A4F25F00FE69E2 /* Preview Assets.xcassets */ = {isa = PBXFileReference; lastKnownFileType = folder.assetcatalog; path = "Preview Assets.xcassets"; sourceTree = "<group>"; };
		486554AC25A4F25F00FE69E2 /* Info.plist */ = {isa = PBXFileReference; lastKnownFileType = text.plist.xml; path = Info.plist; sourceTree = "<group>"; };
		486554B125A4F26000FE69E2 /* UITestTests.xctest */ = {isa = PBXFileReference; explicitFileType = wrapper.cfbundle; includeInIndex = 0; path = UITestTests.xctest; sourceTree = BUILT_PRODUCTS_DIR; };
		486554B525A4F26000FE69E2 /* UITestTests.swift */ = {isa = PBXFileReference; lastKnownFileType = sourcecode.swift; path = UITestTests.swift; sourceTree = "<group>"; };
		486554B725A4F26000FE69E2 /* Info.plist */ = {isa = PBXFileReference; lastKnownFileType = text.plist.xml; path = Info.plist; sourceTree = "<group>"; };
		486554BC25A4F26000FE69E2 /* UITestUITests.xctest */ = {isa = PBXFileReference; explicitFileType = wrapper.cfbundle; includeInIndex = 0; path = UITestUITests.xctest; sourceTree = BUILT_PRODUCTS_DIR; };
		486554C025A4F26000FE69E2 /* UITestUITests.swift */ = {isa = PBXFileReference; lastKnownFileType = sourcecode.swift; path = UITestUITests.swift; sourceTree = "<group>"; };
		486554C225A4F26000FE69E2 /* Info.plist */ = {isa = PBXFileReference; lastKnownFileType = text.plist.xml; path = Info.plist; sourceTree = "<group>"; };
/* End PBXFileReference section */

/* Begin PBXFrameworksBuildPhase section */
		4865549D25A4F25A00FE69E2 /* Frameworks */ = {
			isa = PBXFrameworksBuildPhase;
			buildActionMask = 2147483647;
			files = (
			);
			runOnlyForDeploymentPostprocessing = 0;
		};
		486554AE25A4F26000FE69E2 /* Frameworks */ = {
			isa = PBXFrameworksBuildPhase;
			buildActionMask = 2147483647;
			files = (
			);
			runOnlyForDeploymentPostprocessing = 0;
		};
		486554B925A4F26000FE69E2 /* Frameworks */ = {
			isa = PBXFrameworksBuildPhase;
			buildActionMask = 2147483647;
			files = (
			);
			runOnlyForDeploymentPostprocessing = 0;
		};
/* End PBXFrameworksBuildPhase section */

/* Begin PBXGroup section */
		4865549725A4F25A00FE69E2 = {
			isa = PBXGroup;
			children = (
				486554A225A4F25A00FE69E2 /* UITest */,
				486554B425A4F26000FE69E2 /* UITestTests */,
				486554BF25A4F26000FE69E2 /* UITestUITests */,
				486554A125A4F25A00FE69E2 /* Products */,
			);
			sourceTree = "<group>";
		};
		486554A125A4F25A00FE69E2 /* Products */ = {
			isa = PBXGroup;
			children = (
				486554A025A4F25A00FE69E2 /* UITest.app */,
				486554B125A4F26000FE69E2 /* UITestTests.xctest */,
				486554BC25A4F26000FE69E2 /* UITestUITests.xctest */,
			);
			name = Products;
			sourceTree = "<group>";
		};
		486554A225A4F25A00FE69E2 /* UITest */ = {
			isa = PBXGroup;
			children = (
				486554A325A4F25A00FE69E2 /* UITestApp.swift */,
				486554A525A4F25A00FE69E2 /* ContentView.swift */,
				486554A725A4F25F00FE69E2 /* Assets.xcassets */,
				486554AC25A4F25F00FE69E2 /* Info.plist */,
				486554A925A4F25F00FE69E2 /* Preview Content */,
			);
			path = UITest;
			sourceTree = "<group>";
		};
		486554A925A4F25F00FE69E2 /* Preview Content */ = {
			isa = PBXGroup;
			children = (
				486554AA25A4F25F00FE69E2 /* Preview Assets.xcassets */,
			);
			path = "Preview Content";
			sourceTree = "<group>";
		};
		486554B425A4F26000FE69E2 /* UITestTests */ = {
			isa = PBXGroup;
			children = (
				486554B525A4F26000FE69E2 /* UITestTests.swift */,
				486554B725A4F26000FE69E2 /* Info.plist */,
			);
			path = UITestTests;
			sourceTree = "<group>";
		};
		486554BF25A4F26000FE69E2 /* UITestUITests */ = {
			isa = PBXGroup;
			children = (
				486554C025A4F26000FE69E2 /* UITestUITests.swift */,
				486554C225A4F26000FE69E2 /* Info.plist */,
			);
			path = UITestUITests;
			sourceTree = "<group>";
		};
/* End PBXGroup section */

/* Begin PBXNativeTarget section */
		4865549F25A4F25A00FE69E2 /* UITest */ = {
			isa = PBXNativeTarget;
			buildConfigurationList = 486554C525A4F26000FE69E2 /* Build configuration list for PBXNativeTarget "UITest" */;
			buildPhases = (
				4865549C25A4F25A00FE69E2 /* Sources */,
				4865549D25A4F25A00FE69E2 /* Frameworks */,
				4865549E25A4F25A00FE69E2 /* Resources */,
			);
			buildRules = (
			);
			dependencies = (
			);
			name = UITest;
			productName = UITest;
			productReference = 486554A025A4F25A00FE69E2 /* UITest.app */;
			productType = "com.apple.product-type.application";
		};
		486554B025A4F26000FE69E2 /* UITestTests */ = {
			isa = PBXNativeTarget;
			buildConfigurationList = 486554C825A4F26000FE69E2 /* Build configuration list for PBXNativeTarget "UITestTests" */;
			buildPhases = (
				486554AD25A4F26000FE69E2 /* Sources */,
				486554AE25A4F26000FE69E2 /* Frameworks */,
				486554AF25A4F26000FE69E2 /* Resources */,
			);
			buildRules = (
			);
			dependencies = (
				486554B325A4F26000FE69E2 /* PBXTargetDependency */,
			);
			name = UITestTests;
			productName = UITestTests;
			productReference = 486554B125A4F26000FE69E2 /* UITestTests.xctest */;
			productType = "com.apple.product-type.bundle.unit-test";
		};
		486554BB25A4F26000FE69E2 /* UITestUITests */ = {
			isa = PBXNativeTarget;
			buildConfigurationList = 486554CB25A4F26000FE69E2 /* Build configuration list for PBXNativeTarget "UITestUITests" */;
			buildPhases = (
				486554B825A4F26000FE69E2 /* Sources */,
				486554B925A4F26000FE69E2 /* Frameworks */,
				486554BA25A4F26000FE69E2 /* Resources */,
			);
			buildRules = (
			);
			dependencies = (
				486554BE25A4F26000FE69E2 /* PBXTargetDependency */,
			);
			name = UITestUITests;
			productName = UITestUITests;
			productReference = 486554BC25A4F26000FE69E2 /* UITestUITests.xctest */;
			productType = "com.apple.product-type.bundle.ui-testing";
		};
/* End PBXNativeTarget section */

/* Begin PBXProject section */
		4865549825A4F25A00FE69E2 /* Project object */ = {
			isa = PBXProject;
			attributes = {
				LastSwiftUpdateCheck = 1220;
				LastUpgradeCheck = 1220;
				TargetAttributes = {
					4865549F25A4F25A00FE69E2 = {
						CreatedOnToolsVersion = 12.2;
					};
					486554B025A4F26000FE69E2 = {
						CreatedOnToolsVersion = 12.2;
						TestTargetID = 4865549F25A4F25A00FE69E2;
					};
					486554BB25A4F26000FE69E2 = {
						CreatedOnToolsVersion = 12.2;
						TestTargetID = 4865549F25A4F25A00FE69E2;
					};
				};
			};
			buildConfigurationList = 4865549B25A4F25A00FE69E2 /* Build configuration list for PBXProject "UITest" */;
			compatibilityVersion = "Xcode 9.3";
			developmentRegion = en;
			hasScannedForEncodings = 0;
			knownRegions = (
				en,
				Base,
			);
			mainGroup = 4865549725A4F25A00FE69E2;
			productRefGroup = 486554A125A4F25A00FE69E2 /* Products */;
			projectDirPath = "";
			projectRoot = "";
			targets = (
				4865549F25A4F25A00FE69E2 /* UITest */,
				486554B025A4F26000FE69E2 /* UITestTests */,
				486554BB25A4F26000FE69E2 /* UITestUITests */,
			);
		};
/* End PBXProject section */

/* Begin PBXResourcesBuildPhase section */
		4865549E25A4F25A00FE69E2 /* Resources */ = {
			isa = PBXResourcesBuildPhase;
			buildActionMask = 2147483647;
			files = (
				486554AB25A4F25F00FE69E2 /* Preview Assets.xcassets in Resources */,
				486554A825A4F25F00FE69E2 /* Assets.xcassets in Resources */,
			);
			runOnlyForDeploymentPostprocessing = 0;
		};
		486554AF25A4F26000FE69E2 /* Resources */ = {
			isa = PBXResourcesBuildPhase;
			buildActionMask = 2147483647;
			files = (
			);
			runOnlyForDeploymentPostprocessing = 0;
		};
		486554BA25A4F26000FE69E2 /* Resources */ = {
			isa = PBXResourcesBuildPhase;
			buildActionMask = 2147483647;
			files = (
			);
			runOnlyForDeploymentPostprocessing = 0;
		};
/* End PBXResourcesBuildPhase section */

/* Begin PBXSourcesBuildPhase section */
		4865549C25A4F25A00FE69E2 /* Sources */ = {
			isa = PBXSourcesBuildPhase;
			buildActionMask = 2147483647;
			files = (
				486554A625A4F25A00FE69E2 /* ContentView.swift in Sources */,
				486554A425A4F25A00FE69E2 /* UITestApp.swift in Sources */,
			);
			runOnlyForDeploymentPostprocessing = 0;
		};
		486554AD25A4F26000FE69E2 /* Sources */ = {
			isa = PBXSourcesBuildPhase;
			buildActionMask = 2147483647;
			files = (
				486554B625A4F26000FE69E2 /* UITestTests.swift in Sources */,
			);
			runOnlyForDeploymentPostprocessing = 0;
		};
		486554B825A4F26000FE69E2 /* Sources */ = {
			isa = PBXSourcesBuildPhase;
			buildActionMask = 2147483647;
			files = (
				486554C125A4F26000FE69E2 /* UITestUITests.swift in Sources */,
			);
			runOnlyForDeploymentPostprocessing = 0;
		};
/* End PBXSourcesBuildPhase section */

/* Begin PBXTargetDependency section */
		486554B325A4F26000FE69E2 /* PBXTargetDependency */ = {
			isa = PBXTargetDependency;
			target = 4865549F25A4F25A00FE69E2 /* UITest */;
			targetProxy = 486554B225A4F26000FE69E2 /* PBXContainerItemProxy */;
		};
		486554BE25A4F26000FE69E2 /* PBXTargetDependency */ = {
			isa = PBXTargetDependency;
			target = 4865549F25A4F25A00FE69E2 /* UITest */;
			targetProxy = 486554BD25A4F26000FE69E2 /* PBXContainerItemProxy */;
		};
/* End PBXTargetDependency section */

/* Begin XCBuildConfiguration section */
		486554C325A4F26000FE69E2 /* Debug */ = {
			isa = XCBuildConfiguration;
			buildSettings = {
				ALWAYS_SEARCH_USER_PATHS = NO;
				CLANG_ANALYZER_NONNULL = YES;
				CLANG_ANALYZER_NUMBER_OBJECT_CONVERSION = YES_AGGRESSIVE;
				CLANG_CXX_LANGUAGE_STANDARD = "gnu++14";
				CLANG_CXX_LIBRARY = "libc++";
				CLANG_ENABLE_MODULES = YES;
				CLANG_ENABLE_OBJC_ARC = YES;
				CLANG_ENABLE_OBJC_WEAK = YES;
				CLANG_WARN_BLOCK_CAPTURE_AUTORELEASING = YES;
				CLANG_WARN_BOOL_CONVERSION = YES;
				CLANG_WARN_COMMA = YES;
				CLANG_WARN_CONSTANT_CONVERSION = YES;
				CLANG_WARN_DEPRECATED_OBJC_IMPLEMENTATIONS = YES;
				CLANG_WARN_DIRECT_OBJC_ISA_USAGE = YES_ERROR;
				CLANG_WARN_DOCUMENTATION_COMMENTS = YES;
				CLANG_WARN_EMPTY_BODY = YES;
				CLANG_WARN_ENUM_CONVERSION = YES;
				CLANG_WARN_INFINITE_RECURSION = YES;
				CLANG_WARN_INT_CONVERSION = YES;
				CLANG_WARN_NON_LITERAL_NULL_CONVERSION = YES;
				CLANG_WARN_OBJC_IMPLICIT_RETAIN_SELF = YES;
				CLANG_WARN_OBJC_LITERAL_CONVERSION = YES;
				CLANG_WARN_OBJC_ROOT_CLASS = YES_ERROR;
				CLANG_WARN_QUOTED_INCLUDE_IN_FRAMEWORK_HEADER = YES;
				CLANG_WARN_RANGE_LOOP_ANALYSIS = YES;
				CLANG_WARN_STRICT_PROTOTYPES = YES;
				CLANG_WARN_SUSPICIOUS_MOVE = YES;
				CLANG_WARN_UNGUARDED_AVAILABILITY = YES_AGGRESSIVE;
				CLANG_WARN_UNREACHABLE_CODE = YES;
				CLANG_WARN__DUPLICATE_METHOD_MATCH = YES;
				COPY_PHASE_STRIP = NO;
				DEBUG_INFORMATION_FORMAT = dwarf;
				ENABLE_STRICT_OBJC_MSGSEND = YES;
				ENABLE_TESTABILITY = YES;
				GCC_C_LANGUAGE_STANDARD = gnu11;
				GCC_DYNAMIC_NO_PIC = NO;
				GCC_NO_COMMON_BLOCKS = YES;
				GCC_OPTIMIZATION_LEVEL = 0;
				GCC_PREPROCESSOR_DEFINITIONS = (
					"DEBUG=1",
					"$(inherited)",
				);
				GCC_WARN_64_TO_32_BIT_CONVERSION = YES;
				GCC_WARN_ABOUT_RETURN_TYPE = YES_ERROR;
				GCC_WARN_UNDECLARED_SELECTOR = YES;
				GCC_WARN_UNINITIALIZED_AUTOS = YES_AGGRESSIVE;
				GCC_WARN_UNUSED_FUNCTION = YES;
				GCC_WARN_UNUSED_VARIABLE = YES;
				IPHONEOS_DEPLOYMENT_TARGET = 14.2;
				MTL_ENABLE_DEBUG_INFO = INCLUDE_SOURCE;
				MTL_FAST_MATH = YES;
				ONLY_ACTIVE_ARCH = YES;
				SDKROOT = iphoneos;
				SWIFT_ACTIVE_COMPILATION_CONDITIONS = DEBUG;
				SWIFT_OPTIMIZATION_LEVEL = "-Onone";
			};
			name = Debug;
		};
		486554C425A4F26000FE69E2 /* Release */ = {
			isa = XCBuildConfiguration;
			buildSettings = {
				ALWAYS_SEARCH_USER_PATHS = NO;
				CLANG_ANALYZER_NONNULL = YES;
				CLANG_ANALYZER_NUMBER_OBJECT_CONVERSION = YES_AGGRESSIVE;
				CLANG_CXX_LANGUAGE_STANDARD = "gnu++14";
				CLANG_CXX_LIBRARY = "libc++";
				CLANG_ENABLE_MODULES = YES;
				CLANG_ENABLE_OBJC_ARC = YES;
				CLANG_ENABLE_OBJC_WEAK = YES;
				CLANG_WARN_BLOCK_CAPTURE_AUTORELEASING = YES;
				CLANG_WARN_BOOL_CONVERSION = YES;
				CLANG_WARN_COMMA = YES;
				CLANG_WARN_CONSTANT_CONVERSION = YES;
				CLANG_WARN_DEPRECATED_OBJC_IMPLEMENTATIONS = YES;
				CLANG_WARN_DIRECT_OBJC_ISA_USAGE = YES_ERROR;
				CLANG_WARN_DOCUMENTATION_COMMENTS = YES;
				CLANG_WARN_EMPTY_BODY = YES;
				CLANG_WARN_ENUM_CONVERSION = YES;
				CLANG_WARN_INFINITE_RECURSION = YES;
				CLANG_WARN_INT_CONVERSION = YES;
				CLANG_WARN_NON_LITERAL_NULL_CONVERSION = YES;
				CLANG_WARN_OBJC_IMPLICIT_RETAIN_SELF = YES;
				CLANG_WARN_OBJC_LITERAL_CONVERSION = YES;
				CLANG_WARN_OBJC_ROOT_CLASS = YES_ERROR;
				CLANG_WARN_QUOTED_INCLUDE_IN_FRAMEWORK_HEADER = YES;
				CLANG_WARN_RANGE_LOOP_ANALYSIS = YES;
				CLANG_WARN_STRICT_PROTOTYPES = YES;
				CLANG_WARN_SUSPICIOUS_MOVE = YES;
				CLANG_WARN_UNGUARDED_AVAILABILITY = YES_AGGRESSIVE;
				CLANG_WARN_UNREACHABLE_CODE = YES;
				CLANG_WARN__DUPLICATE_METHOD_MATCH = YES;
				COPY_PHASE_STRIP = NO;
				DEBUG_INFORMATION_FORMAT = "dwarf-with-dsym";
				ENABLE_NS_ASSERTIONS = NO;
				ENABLE_STRICT_OBJC_MSGSEND = YES;
				GCC_C_LANGUAGE_STANDARD = gnu11;
				GCC_NO_COMMON_BLOCKS = YES;
				GCC_WARN_64_TO_32_BIT_CONVERSION = YES;
				GCC_WARN_ABOUT_RETURN_TYPE = YES_ERROR;
				GCC_WARN_UNDECLARED_SELECTOR = YES;
				GCC_WARN_UNINITIALIZED_AUTOS = YES_AGGRESSIVE;
				GCC_WARN_UNUSED_FUNCTION = YES;
				GCC_WARN_UNUSED_VARIABLE = YES;
				IPHONEOS_DEPLOYMENT_TARGET = 14.2;
				MTL_ENABLE_DEBUG_INFO = NO;
				MTL_FAST_MATH = YES;
				SDKROOT = iphoneos;
				SWIFT_COMPILATION_MODE = wholemodule;
				SWIFT_OPTIMIZATION_LEVEL = "-O";
				VALIDATE_PRODUCT = YES;
			};
			name = Release;
		};
		486554C625A4F26000FE69E2 /* Debug */ = {
			isa = XCBuildConfiguration;
			buildSettings = {
				ASSETCATALOG_COMPILER_APPICON_NAME = AppIcon;
				ASSETCATALOG_COMPILER_GLOBAL_ACCENT_COLOR_NAME = AccentColor;
				CODE_SIGN_STYLE = Automatic;
				DEVELOPMENT_ASSET_PATHS = "\"UITest/Preview Content\"";
				DEVELOPMENT_TEAM = 4VMTKGDC5W;
				ENABLE_PREVIEWS = YES;
				INFOPLIST_FILE = UITest/Info.plist;
				IPHONEOS_DEPLOYMENT_TARGET = 14.0;
				LD_RUNPATH_SEARCH_PATHS = (
					"$(inherited)",
					"@executable_path/Frameworks",
				);
				PRODUCT_BUNDLE_IDENTIFIER = com.UITest.giovannamoeller.UITest;
				PRODUCT_NAME = "$(TARGET_NAME)";
				SWIFT_VERSION = 5.0;
				TARGETED_DEVICE_FAMILY = "1,2";
			};
			name = Debug;
		};
		486554C725A4F26000FE69E2 /* Release */ = {
			isa = XCBuildConfiguration;
			buildSettings = {
				ASSETCATALOG_COMPILER_APPICON_NAME = AppIcon;
				ASSETCATALOG_COMPILER_GLOBAL_ACCENT_COLOR_NAME = AccentColor;
				CODE_SIGN_STYLE = Automatic;
				DEVELOPMENT_ASSET_PATHS = "\"UITest/Preview Content\"";
				DEVELOPMENT_TEAM = 4VMTKGDC5W;
				ENABLE_PREVIEWS = YES;
				INFOPLIST_FILE = UITest/Info.plist;
				IPHONEOS_DEPLOYMENT_TARGET = 14.0;
				LD_RUNPATH_SEARCH_PATHS = (
					"$(inherited)",
					"@executable_path/Frameworks",
				);
				PRODUCT_BUNDLE_IDENTIFIER = com.UITest.giovannamoeller.UITest;
				PRODUCT_NAME = "$(TARGET_NAME)";
				SWIFT_VERSION = 5.0;
				TARGETED_DEVICE_FAMILY = "1,2";
			};
			name = Release;
		};
		486554C925A4F26000FE69E2 /* Debug */ = {
			isa = XCBuildConfiguration;
			buildSettings = {
				ALWAYS_EMBED_SWIFT_STANDARD_LIBRARIES = YES;
				BUNDLE_LOADER = "$(TEST_HOST)";
				CODE_SIGN_STYLE = Automatic;
				DEVELOPMENT_TEAM = 4VMTKGDC5W;
				INFOPLIST_FILE = UITestTests/Info.plist;
				IPHONEOS_DEPLOYMENT_TARGET = 14.0;
				LD_RUNPATH_SEARCH_PATHS = (
					"$(inherited)",
					"@executable_path/Frameworks",
					"@loader_path/Frameworks",
				);
				PRODUCT_BUNDLE_IDENTIFIER = com.UITest.giovannamoeller.UITestTests;
				PRODUCT_NAME = "$(TARGET_NAME)";
				SWIFT_VERSION = 5.0;
				TARGETED_DEVICE_FAMILY = "1,2";
				TEST_HOST = "$(BUILT_PRODUCTS_DIR)/UITest.app/UITest";
			};
			name = Debug;
		};
		486554CA25A4F26000FE69E2 /* Release */ = {
			isa = XCBuildConfiguration;
			buildSettings = {
				ALWAYS_EMBED_SWIFT_STANDARD_LIBRARIES = YES;
				BUNDLE_LOADER = "$(TEST_HOST)";
				CODE_SIGN_STYLE = Automatic;
				DEVELOPMENT_TEAM = 4VMTKGDC5W;
				INFOPLIST_FILE = UITestTests/Info.plist;
				IPHONEOS_DEPLOYMENT_TARGET = 14.0;
				LD_RUNPATH_SEARCH_PATHS = (
					"$(inherited)",
					"@executable_path/Frameworks",
					"@loader_path/Frameworks",
				);
				PRODUCT_BUNDLE_IDENTIFIER = com.UITest.giovannamoeller.UITestTests;
				PRODUCT_NAME = "$(TARGET_NAME)";
				SWIFT_VERSION = 5.0;
				TARGETED_DEVICE_FAMILY = "1,2";
				TEST_HOST = "$(BUILT_PRODUCTS_DIR)/UITest.app/UITest";
			};
			name = Release;
		};
		486554CC25A4F26000FE69E2 /* Debug */ = {
			isa = XCBuildConfiguration;
			buildSettings = {
				ALWAYS_EMBED_SWIFT_STANDARD_LIBRARIES = YES;
				CODE_SIGN_STYLE = Automatic;
				DEVELOPMENT_TEAM = 4VMTKGDC5W;
				INFOPLIST_FILE = UITestUITests/Info.plist;
				LD_RUNPATH_SEARCH_PATHS = (
					"$(inherited)",
					"@executable_path/Frameworks",
					"@loader_path/Frameworks",
				);
				PRODUCT_BUNDLE_IDENTIFIER = com.UITest.giovannamoeller.UITestUITests;
				PRODUCT_NAME = "$(TARGET_NAME)";
				SWIFT_VERSION = 5.0;
				TARGETED_DEVICE_FAMILY = "1,2";
				TEST_TARGET_NAME = UITest;
			};
			name = Debug;
		};
		486554CD25A4F26000FE69E2 /* Release */ = {
			isa = XCBuildConfiguration;
			buildSettings = {
				ALWAYS_EMBED_SWIFT_STANDARD_LIBRARIES = YES;
				CODE_SIGN_STYLE = Automatic;
				DEVELOPMENT_TEAM = 4VMTKGDC5W;
				INFOPLIST_FILE = UITestUITests/Info.plist;
				LD_RUNPATH_SEARCH_PATHS = (
					"$(inherited)",
					"@executable_path/Frameworks",
					"@loader_path/Frameworks",
				);
				PRODUCT_BUNDLE_IDENTIFIER = com.UITest.giovannamoeller.UITestUITests;
				PRODUCT_NAME = "$(TARGET_NAME)";
				SWIFT_VERSION = 5.0;
				TARGETED_DEVICE_FAMILY = "1,2";
				TEST_TARGET_NAME = UITest;
			};
			name = Release;
		};
/* End XCBuildConfiguration section */

/* Begin XCConfigurationList section */
		4865549B25A4F25A00FE69E2 /* Build configuration list for PBXProject "UITest" */ = {
			isa = XCConfigurationList;
			buildConfigurations = (
				486554C325A4F26000FE69E2 /* Debug */,
				486554C425A4F26000FE69E2 /* Release */,
			);
			defaultConfigurationIsVisible = 0;
			defaultConfigurationName = Release;
		};
		486554C525A4F26000FE69E2 /* Build configuration list for PBXNativeTarget "UITest" */ = {
			isa = XCConfigurationList;
			buildConfigurations = (
				486554C625A4F26000FE69E2 /* Debug */,
				486554C725A4F26000FE69E2 /* Release */,
			);
			defaultConfigurationIsVisible = 0;
			defaultConfigurationName = Release;
		};
		486554C825A4F26000FE69E2 /* Build configuration list for PBXNativeTarget "UITestTests" */ = {
			isa = XCConfigurationList;
			buildConfigurations = (
				486554C925A4F26000FE69E2 /* Debug */,
				486554CA25A4F26000FE69E2 /* Release */,
			);
			defaultConfigurationIsVisible = 0;
			defaultConfigurationName = Release;
		};
		486554CB25A4F26000FE69E2 /* Build configuration list for PBXNativeTarget "UITestUITests" */ = {
			isa = XCConfigurationList;
			buildConfigurations = (
				486554CC25A4F26000FE69E2 /* Debug */,
				486554CD25A4F26000FE69E2 /* Release */,
			);
			defaultConfigurationIsVisible = 0;
			defaultConfigurationName = Release;
		};
/* End XCConfigurationList section */
	};
	rootObject = 4865549825A4F25A00FE69E2 /* Project object */;
}
